
Microsoft Visual Studio Solution File, Format Version 12.00
# Visual Studio Version 17
VisualStudioVersion = 17.1.32421.90
MinimumVisualStudioVersion = 10.0.40219.1
Project("{FAE04EC0-301F-11D3-BF4B-00C04F79EFBC}") = "WebApiProject", "WebApiProject\WebApiProject.csproj", "{B011EA97-1A84-4382-A312-A2E0D415F6F5}"
EndProject
Project("{FAE04EC0-301F-11D3-BF4B-00C04F79EFBC}") = "BlazorServerProject", "BlazorServerProject\BlazorServerProject.csproj", "{6B588EDA-D1F7-4991-BAD1-A350AFA0CB58}"
EndProject
Global
	GlobalSection(SolutionConfigurationPlatforms) = preSolution
		Debug|Any CPU = Debug|Any CPU
		Release|Any CPU = Release|Any CPU
	EndGlobalSection
	GlobalSection(ProjectConfigurationPlatforms) = postSolution
		{B011EA97-1A84-4382-A312-A2E0D415F6F5}.Debug|Any CPU.ActiveCfg = Debug|Any CPU
		{B011EA97-1A84-4382-A312-A2E0D415F6F5}.Debug|Any CPU.Build.0 = Debug|Any CPU
		{B011EA97-1A84-4382-A312-A2E0D415F6F5}.Release|Any CPU.ActiveCfg = Release|Any CPU
		{B011EA97-1A84-4382-A312-A2E0D415F6F5}.Release|Any CPU.Build.0 = Release|Any CPU
		{6B588EDA-D1F7-4991-BAD1-A350AFA0CB58}.Debug|Any CPU.ActiveCfg = Debug|Any CPU
		{6B588EDA-D1F7-4991-BAD1-A350AFA0CB58}.Debug|Any CPU.Build.0 = Debug|Any CPU
		{6B588EDA-D1F7-4991-BAD1-A350AFA0CB58}.Release|Any CPU.ActiveCfg = Release|Any CPU
		{6B588EDA-D1F7-4991-BAD1-A350AFA0CB58}.Release|Any CPU.Build.0 = Release|Any CPU
	EndGlobalSection
	GlobalSection(SolutionProperties) = preSolution
		HideSolutionNode = FALSE
	EndGlobalSection
	GlobalSection(ExtensibilityGlobals) = postSolution
		SolutionGuid = {D15D0EC6-A752-48CC-AC89-4B5295F79421}
	EndGlobalSection
EndGlobal
